
Microsoft Visual Studio Solution File, Format Version 12.00
# Visual Studio 2013
VisualStudioVersion = 12.0.30723.0
MinimumVisualStudioVersion = 10.0.40219.1
Project("{FAE04EC0-301F-11D3-BF4B-00C04F79EFBC}") = "DotNext.RockAndRoll", "DotNext.RockAndRoll\DotNext.RockAndRoll.csproj", "{373CA8CB-E2BC-4C32-9418-65729188BE03}"
EndProject
Project("{FAE04EC0-301F-11D3-BF4B-00C04F79EFBC}") = "DotNext.RockAndRoll.UnitTests", "DotNext.RockAndRoll.UnitTests\DotNext.RockAndRoll.UnitTests.csproj", "{3C3E36EB-0D9D-4126-A95E-5B5F90F0FD67}"
EndProject
Global
	GlobalSection(SolutionConfigurationPlatforms) = preSolution
		Debug|Any CPU = Debug|Any CPU
		Release|Any CPU = Release|Any CPU
	EndGlobalSection
	GlobalSection(ProjectConfigurationPlatforms) = postSolution
		{373CA8CB-E2BC-4C32-9418-65729188BE03}.Debug|Any CPU.ActiveCfg = Debug|Any CPU
		{373CA8CB-E2BC-4C32-9418-65729188BE03}.Debug|Any CPU.Build.0 = Debug|Any CPU
		{373CA8CB-E2BC-4C32-9418-65729188BE03}.Release|Any CPU.ActiveCfg = Release|Any CPU
		{373CA8CB-E2BC-4C32-9418-65729188BE03}.Release|Any CPU.Build.0 = Release|Any CPU
		{3C3E36EB-0D9D-4126-A95E-5B5F90F0FD67}.Debug|Any CPU.ActiveCfg = Debug|Any CPU
		{3C3E36EB-0D9D-4126-A95E-5B5F90F0FD67}.Debug|Any CPU.Build.0 = Debug|Any CPU
		{3C3E36EB-0D9D-4126-A95E-5B5F90F0FD67}.Release|Any CPU.ActiveCfg = Release|Any CPU
		{3C3E36EB-0D9D-4126-A95E-5B5F90F0FD67}.Release|Any CPU.Build.0 = Release|Any CPU
	EndGlobalSection
	GlobalSection(SolutionProperties) = preSolution
		HideSolutionNode = FALSE
	EndGlobalSection
EndGlobal
